// !$*UTF8*$!
{
	archiveVersion = 1;
	classes = {
	};
	objectVersion = 56;
	objects = {

/* Begin PBXBuildFile section */
		910E19862982C12F004EBD04 /* appleMapView.swift in Sources */ = {isa = PBXBuildFile; fileRef = 910E19852982C12F004EBD04 /* appleMapView.swift */; };
		910E19B12983F4E2004EBD04 /* tests.swift in Sources */ = {isa = PBXBuildFile; fileRef = 910E19B02983F4E2004EBD04 /* tests.swift */; };
		913E074F297FC43000782981 /* YourSchoolApp.swift in Sources */ = {isa = PBXBuildFile; fileRef = 913E074E297FC43000782981 /* YourSchoolApp.swift */; };
		913E0751297FC43000782981 /* ContentView.swift in Sources */ = {isa = PBXBuildFile; fileRef = 913E0750297FC43000782981 /* ContentView.swift */; };
		913E0753297FC43100782981 /* Assets.xcassets in Resources */ = {isa = PBXBuildFile; fileRef = 913E0752297FC43100782981 /* Assets.xcassets */; };
		913E0756297FC43100782981 /* Preview Assets.xcassets in Resources */ = {isa = PBXBuildFile; fileRef = 913E0755297FC43100782981 /* Preview Assets.xcassets */; };
		913E0760297FC43100782981 /* YourSchoolTests.swift in Sources */ = {isa = PBXBuildFile; fileRef = 913E075F297FC43100782981 /* YourSchoolTests.swift */; };
		913E076A297FC43100782981 /* YourSchoolUITests.swift in Sources */ = {isa = PBXBuildFile; fileRef = 913E0769297FC43100782981 /* YourSchoolUITests.swift */; };
		913E076C297FC43100782981 /* YourSchoolUITestsLaunchTests.swift in Sources */ = {isa = PBXBuildFile; fileRef = 913E076B297FC43100782981 /* YourSchoolUITestsLaunchTests.swift */; };
		9154DB61298223C3009A4C7E /* date.swift in Sources */ = {isa = PBXBuildFile; fileRef = 9154DB60298223C3009A4C7E /* date.swift */; };
		918E328C2982ADCE00CAFCC6 /* goingToSchoolView.swift in Sources */ = {isa = PBXBuildFile; fileRef = 918E328B2982ADCE00CAFCC6 /* goingToSchoolView.swift */; };
		918E328E2982B4FD00CAFCC6 /* schoolData.json in Resources */ = {isa = PBXBuildFile; fileRef = 918E328D2982B4FC00CAFCC6 /* schoolData.json */; };
		919A2D062981117F002314FC /* mealFetcher.swift in Sources */ = {isa = PBXBuildFile; fileRef = 919A2D052981117F002314FC /* mealFetcher.swift */; };
		91B347802982364600AAC9DF /* meal.swift in Sources */ = {isa = PBXBuildFile; fileRef = 91B3477F2982364600AAC9DF /* meal.swift */; };
		91B34782298299E500AAC9DF /* Launch.storyboard in Resources */ = {isa = PBXBuildFile; fileRef = 91B34781298299E500AAC9DF /* Launch.storyboard */; };
		91B3478429829C8700AAC9DF /* Map.swift in Sources */ = {isa = PBXBuildFile; fileRef = 91B3478329829C8700AAC9DF /* Map.swift */; };
		91D1B54D2984F08B00C32064 /* DLS.swift in Sources */ = {isa = PBXBuildFile; fileRef = 91D1B54C2984F08B00C32064 /* DLS.swift */; };
		91D1B54F2985045700C32064 /* LocationManager.swift in Sources */ = {isa = PBXBuildFile; fileRef = 91D1B54E2985045700C32064 /* LocationManager.swift */; };
		91D1B5532985149E00C32064 /* CLLocationSimLoc.gpx in Resources */ = {isa = PBXBuildFile; fileRef = 91D1B5522985149E00C32064 /* CLLocationSimLoc.gpx */; };
		91FA0AEC2990AB480045AE3E /* onboarding.swift in Sources */ = {isa = PBXBuildFile; fileRef = 91FA0AEB2990AB480045AE3E /* onboarding.swift */; };
		95BECAF4E78B30167777F95B /* Pods_YourSchoolTests.framework in Frameworks */ = {isa = PBXBuildFile; fileRef = 98D333F751A64B3FBB8EF36D /* Pods_YourSchoolTests.framework */; };
		B3C921C5C3DA26499479313E /* Pods_YourSchool_YourSchoolUITests.framework in Frameworks */ = {isa = PBXBuildFile; fileRef = 1DD7478498CFA1D939664D46 /* Pods_YourSchool_YourSchoolUITests.framework */; };
		F96D1A274FBB21DEB8B0B8F2 /* Pods_YourSchool.framework in Frameworks */ = {isa = PBXBuildFile; fileRef = F969E4E0DEB5C94BBD23E16C /* Pods_YourSchool.framework */; };
/* End PBXBuildFile section */

/* Begin PBXContainerItemProxy section */
		913E075C297FC43100782981 /* PBXContainerItemProxy */ = {
			isa = PBXContainerItemProxy;
			containerPortal = 913E0743297FC43000782981 /* Project object */;
			proxyType = 1;
			remoteGlobalIDString = 913E074A297FC43000782981;
			remoteInfo = YourSchool;
		};
		913E0766297FC43100782981 /* PBXContainerItemProxy */ = {
			isa = PBXContainerItemProxy;
			containerPortal = 913E0743297FC43000782981 /* Project object */;
			proxyType = 1;
			remoteGlobalIDString = 913E074A297FC43000782981;
			remoteInfo = YourSchool;
		};
/* End PBXContainerItemProxy section */

/* Begin PBXCopyFilesBuildPhase section */
		910E19A62983A42C004EBD04 /* Embed Frameworks */ = {
			isa = PBXCopyFilesBuildPhase;
			buildActionMask = 2147483647;
			dstPath = "";
			dstSubfolderSpec = 10;
			files = (
			);
			name = "Embed Frameworks";
			runOnlyForDeploymentPostprocessing = 0;
		};
/* End PBXCopyFilesBuildPhase section */

/* Begin PBXFileReference section */
		10E61BDE1F68D145603B331C /* Pods-YourSchoolTests.release.xcconfig */ = {isa = PBXFileReference; includeInIndex = 1; lastKnownFileType = text.xcconfig; name = "Pods-YourSchoolTests.release.xcconfig"; path = "Target Support Files/Pods-YourSchoolTests/Pods-YourSchoolTests.release.xcconfig"; sourceTree = "<group>"; };
		1DD7478498CFA1D939664D46 /* Pods_YourSchool_YourSchoolUITests.framework */ = {isa = PBXFileReference; explicitFileType = wrapper.framework; includeInIndex = 0; path = Pods_YourSchool_YourSchoolUITests.framework; sourceTree = BUILT_PRODUCTS_DIR; };
		2C2BF80BF30A7B01ACC0D71E /* Pods-YourSchool.debug.xcconfig */ = {isa = PBXFileReference; includeInIndex = 1; lastKnownFileType = text.xcconfig; name = "Pods-YourSchool.debug.xcconfig"; path = "Target Support Files/Pods-YourSchool/Pods-YourSchool.debug.xcconfig"; sourceTree = "<group>"; };
		5EBE26F0C30EF97F825C8501 /* Pods-YourSchool-YourSchoolUITests.debug.xcconfig */ = {isa = PBXFileReference; includeInIndex = 1; lastKnownFileType = text.xcconfig; name = "Pods-YourSchool-YourSchoolUITests.debug.xcconfig"; path = "Target Support Files/Pods-YourSchool-YourSchoolUITests/Pods-YourSchool-YourSchoolUITests.debug.xcconfig"; sourceTree = "<group>"; };
		8B1C3FAB9AC5F79ED8462088 /* Pods-YourSchoolTests.debug.xcconfig */ = {isa = PBXFileReference; includeInIndex = 1; lastKnownFileType = text.xcconfig; name = "Pods-YourSchoolTests.debug.xcconfig"; path = "Target Support Files/Pods-YourSchoolTests/Pods-YourSchoolTests.debug.xcconfig"; sourceTree = "<group>"; };
		910E19852982C12F004EBD04 /* appleMapView.swift */ = {isa = PBXFileReference; lastKnownFileType = sourcecode.swift; path = appleMapView.swift; sourceTree = "<group>"; };
		910E19AA2983A44A004EBD04 /* TMapSDK.framework */ = {isa = PBXFileReference; lastKnownFileType = wrapper.framework; path = TMapSDK.framework; sourceTree = "<group>"; };
		910E19B02983F4E2004EBD04 /* tests.swift */ = {isa = PBXFileReference; lastKnownFileType = sourcecode.swift; path = tests.swift; sourceTree = "<group>"; };
		913E074B297FC43000782981 /* YourSchool.app */ = {isa = PBXFileReference; explicitFileType = wrapper.application; includeInIndex = 0; path = YourSchool.app; sourceTree = BUILT_PRODUCTS_DIR; };
		913E074E297FC43000782981 /* YourSchoolApp.swift */ = {isa = PBXFileReference; lastKnownFileType = sourcecode.swift; path = YourSchoolApp.swift; sourceTree = "<group>"; };
		913E0750297FC43000782981 /* ContentView.swift */ = {isa = PBXFileReference; lastKnownFileType = sourcecode.swift; path = ContentView.swift; sourceTree = "<group>"; };
		913E0752297FC43100782981 /* Assets.xcassets */ = {isa = PBXFileReference; lastKnownFileType = folder.assetcatalog; path = Assets.xcassets; sourceTree = "<group>"; };
		913E0755297FC43100782981 /* Preview Assets.xcassets */ = {isa = PBXFileReference; lastKnownFileType = folder.assetcatalog; path = "Preview Assets.xcassets"; sourceTree = "<group>"; };
		913E075B297FC43100782981 /* YourSchoolTests.xctest */ = {isa = PBXFileReference; explicitFileType = wrapper.cfbundle; includeInIndex = 0; path = YourSchoolTests.xctest; sourceTree = BUILT_PRODUCTS_DIR; };
		913E075F297FC43100782981 /* YourSchoolTests.swift */ = {isa = PBXFileReference; lastKnownFileType = sourcecode.swift; path = YourSchoolTests.swift; sourceTree = "<group>"; };
		913E0765297FC43100782981 /* YourSchoolUITests.xctest */ = {isa = PBXFileReference; explicitFileType = wrapper.cfbundle; includeInIndex = 0; path = YourSchoolUITests.xctest; sourceTree = BUILT_PRODUCTS_DIR; };
		913E0769297FC43100782981 /* YourSchoolUITests.swift */ = {isa = PBXFileReference; lastKnownFileType = sourcecode.swift; path = YourSchoolUITests.swift; sourceTree = "<group>"; };
		913E076B297FC43100782981 /* YourSchoolUITestsLaunchTests.swift */ = {isa = PBXFileReference; lastKnownFileType = sourcecode.swift; path = YourSchoolUITestsLaunchTests.swift; sourceTree = "<group>"; };
		9154DB60298223C3009A4C7E /* date.swift */ = {isa = PBXFileReference; lastKnownFileType = sourcecode.swift; path = date.swift; sourceTree = "<group>"; };
		918E328B2982ADCE00CAFCC6 /* goingToSchoolView.swift */ = {isa = PBXFileReference; lastKnownFileType = sourcecode.swift; path = goingToSchoolView.swift; sourceTree = "<group>"; };
		918E328D2982B4FC00CAFCC6 /* schoolData.json */ = {isa = PBXFileReference; fileEncoding = 4; lastKnownFileType = text.json; path = schoolData.json; sourceTree = "<group>"; };
		919A2D052981117F002314FC /* mealFetcher.swift */ = {isa = PBXFileReference; lastKnownFileType = sourcecode.swift; path = mealFetcher.swift; sourceTree = SOURCE_ROOT; };
		91B3477F2982364600AAC9DF /* meal.swift */ = {isa = PBXFileReference; lastKnownFileType = sourcecode.swift; path = meal.swift; sourceTree = "<group>"; wrapsLines = 1; };
		91B34781298299E500AAC9DF /* Launch.storyboard */ = {isa = PBXFileReference; lastKnownFileType = file.storyboard; path = Launch.storyboard; sourceTree = "<group>"; };
		91B3478329829C8700AAC9DF /* Map.swift */ = {isa = PBXFileReference; lastKnownFileType = sourcecode.swift; path = Map.swift; sourceTree = "<group>"; };
		91D1B54C2984F08B00C32064 /* DLS.swift */ = {isa = PBXFileReference; lastKnownFileType = sourcecode.swift; path = DLS.swift; sourceTree = "<group>"; };
		91D1B54E2985045700C32064 /* LocationManager.swift */ = {isa = PBXFileReference; lastKnownFileType = sourcecode.swift; path = LocationManager.swift; sourceTree = "<group>"; };
		91D1B5522985149E00C32064 /* CLLocationSimLoc.gpx */ = {isa = PBXFileReference; fileEncoding = 4; lastKnownFileType = text.xml; path = CLLocationSimLoc.gpx; sourceTree = "<group>"; };
		91FA0AEB2990AB480045AE3E /* onboarding.swift */ = {isa = PBXFileReference; lastKnownFileType = sourcecode.swift; path = onboarding.swift; sourceTree = "<group>"; usesTabs = 1; };
		98D333F751A64B3FBB8EF36D /* Pods_YourSchoolTests.framework */ = {isa = PBXFileReference; explicitFileType = wrapper.framework; includeInIndex = 0; path = Pods_YourSchoolTests.framework; sourceTree = BUILT_PRODUCTS_DIR; };
		AD7C730BAB4EBB21F29FC1AC /* Pods-YourSchool.release.xcconfig */ = {isa = PBXFileReference; includeInIndex = 1; lastKnownFileType = text.xcconfig; name = "Pods-YourSchool.release.xcconfig"; path = "Target Support Files/Pods-YourSchool/Pods-YourSchool.release.xcconfig"; sourceTree = "<group>"; };
		E015F905BA478569ECE33FBF /* Pods-YourSchool-YourSchoolUITests.release.xcconfig */ = {isa = PBXFileReference; includeInIndex = 1; lastKnownFileType = text.xcconfig; name = "Pods-YourSchool-YourSchoolUITests.release.xcconfig"; path = "Target Support Files/Pods-YourSchool-YourSchoolUITests/Pods-YourSchool-YourSchoolUITests.release.xcconfig"; sourceTree = "<group>"; };
		F969E4E0DEB5C94BBD23E16C /* Pods_YourSchool.framework */ = {isa = PBXFileReference; explicitFileType = wrapper.framework; includeInIndex = 0; path = Pods_YourSchool.framework; sourceTree = BUILT_PRODUCTS_DIR; };
/* End PBXFileReference section */

/* Begin PBXFrameworksBuildPhase section */
		913E0748297FC43000782981 /* Frameworks */ = {
			isa = PBXFrameworksBuildPhase;
			buildActionMask = 2147483647;
			files = (
				F96D1A274FBB21DEB8B0B8F2 /* Pods_YourSchool.framework in Frameworks */,
			);
			runOnlyForDeploymentPostprocessing = 0;
		};
		913E0758297FC43100782981 /* Frameworks */ = {
			isa = PBXFrameworksBuildPhase;
			buildActionMask = 2147483647;
			files = (
				95BECAF4E78B30167777F95B /* Pods_YourSchoolTests.framework in Frameworks */,
			);
			runOnlyForDeploymentPostprocessing = 0;
		};
		913E0762297FC43100782981 /* Frameworks */ = {
			isa = PBXFrameworksBuildPhase;
			buildActionMask = 2147483647;
			files = (
				B3C921C5C3DA26499479313E /* Pods_YourSchool_YourSchoolUITests.framework in Frameworks */,
			);
			runOnlyForDeploymentPostprocessing = 0;
		};
/* End PBXFrameworksBuildPhase section */

/* Begin PBXGroup section */
		31C92B82EF5DCA4EB7FC2947 /* Pods */ = {
			isa = PBXGroup;
			children = (
				2C2BF80BF30A7B01ACC0D71E /* Pods-YourSchool.debug.xcconfig */,
				AD7C730BAB4EBB21F29FC1AC /* Pods-YourSchool.release.xcconfig */,
				5EBE26F0C30EF97F825C8501 /* Pods-YourSchool-YourSchoolUITests.debug.xcconfig */,
				E015F905BA478569ECE33FBF /* Pods-YourSchool-YourSchoolUITests.release.xcconfig */,
				8B1C3FAB9AC5F79ED8462088 /* Pods-YourSchoolTests.debug.xcconfig */,
				10E61BDE1F68D145603B331C /* Pods-YourSchoolTests.release.xcconfig */,
			);
			path = Pods;
			sourceTree = "<group>";
		};
		7C3A6959037030F4C88CD1C4 /* Frameworks */ = {
			isa = PBXGroup;
			children = (
				910E19AA2983A44A004EBD04 /* TMapSDK.framework */,
				F969E4E0DEB5C94BBD23E16C /* Pods_YourSchool.framework */,
				1DD7478498CFA1D939664D46 /* Pods_YourSchool_YourSchoolUITests.framework */,
				98D333F751A64B3FBB8EF36D /* Pods_YourSchoolTests.framework */,
			);
			name = Frameworks;
			sourceTree = "<group>";
		};
		913E0742297FC43000782981 = {
			isa = PBXGroup;
			children = (
				913E074D297FC43000782981 /* YourSchool */,
				913E075E297FC43100782981 /* YourSchoolTests */,
				913E0768297FC43100782981 /* YourSchoolUITests */,
				913E074C297FC43000782981 /* Products */,
				31C92B82EF5DCA4EB7FC2947 /* Pods */,
				7C3A6959037030F4C88CD1C4 /* Frameworks */,
			);
			sourceTree = "<group>";
		};
		913E074C297FC43000782981 /* Products */ = {
			isa = PBXGroup;
			children = (
				913E074B297FC43000782981 /* YourSchool.app */,
				913E075B297FC43100782981 /* YourSchoolTests.xctest */,
				913E0765297FC43100782981 /* YourSchoolUITests.xctest */,
			);
			name = Products;
			sourceTree = "<group>";
		};
		913E074D297FC43000782981 /* YourSchool */ = {
			isa = PBXGroup;
			children = (
				919A2D052981117F002314FC /* mealFetcher.swift */,
				91B3477F2982364600AAC9DF /* meal.swift */,
				91D1B5522985149E00C32064 /* CLLocationSimLoc.gpx */,
				91B34781298299E500AAC9DF /* Launch.storyboard */,
				913E074E297FC43000782981 /* YourSchoolApp.swift */,
				913E0750297FC43000782981 /* ContentView.swift */,
				91FA0AEB2990AB480045AE3E /* onboarding.swift */,
				910E19B02983F4E2004EBD04 /* tests.swift */,
				91D1B54E2985045700C32064 /* LocationManager.swift */,
				91D1B54C2984F08B00C32064 /* DLS.swift */,
				9154DB60298223C3009A4C7E /* date.swift */,
				910E19852982C12F004EBD04 /* appleMapView.swift */,
				918E32962982B72800CAFCC6 /* Views */,
				91B3478329829C8700AAC9DF /* Map.swift */,
				918E32942982B6FA00CAFCC6 /* Resources */,
				913E0752297FC43100782981 /* Assets.xcassets */,
				913E0754297FC43100782981 /* Preview Content */,
			);
			path = YourSchool;
			sourceTree = "<group>";
		};
		913E0754297FC43100782981 /* Preview Content */ = {
			isa = PBXGroup;
			children = (
				913E0755297FC43100782981 /* Preview Assets.xcassets */,
			);
			path = "Preview Content";
			sourceTree = "<group>";
		};
		913E075E297FC43100782981 /* YourSchoolTests */ = {
			isa = PBXGroup;
			children = (
				913E075F297FC43100782981 /* YourSchoolTests.swift */,
			);
			path = YourSchoolTests;
			sourceTree = "<group>";
		};
		913E0768297FC43100782981 /* YourSchoolUITests */ = {
			isa = PBXGroup;
			children = (
				913E0769297FC43100782981 /* YourSchoolUITests.swift */,
				913E076B297FC43100782981 /* YourSchoolUITestsLaunchTests.swift */,
			);
			path = YourSchoolUITests;
			sourceTree = "<group>";
		};
		918E32942982B6FA00CAFCC6 /* Resources */ = {
			isa = PBXGroup;
			children = (
				918E328D2982B4FC00CAFCC6 /* schoolData.json */,
			);
			path = Resources;
			sourceTree = "<group>";
		};
		918E32962982B72800CAFCC6 /* Views */ = {
			isa = PBXGroup;
			children = (
				918E328B2982ADCE00CAFCC6 /* goingToSchoolView.swift */,
			);
			path = Views;
			sourceTree = "<group>";
		};
/* End PBXGroup section */

/* Begin PBXNativeTarget section */
		913E074A297FC43000782981 /* YourSchool */ = {
			isa = PBXNativeTarget;
			buildConfigurationList = 913E076F297FC43100782981 /* Build configuration list for PBXNativeTarget "YourSchool" */;
			buildPhases = (
				C76E1A85A18AFB7C25B16A35 /* [CP] Check Pods Manifest.lock */,
				913E0747297FC43000782981 /* Sources */,
				913E0748297FC43000782981 /* Frameworks */,
				913E0749297FC43000782981 /* Resources */,
				9EAF33DEC518C3F3676DF23E /* [CP] Embed Pods Frameworks */,
				910E19A62983A42C004EBD04 /* Embed Frameworks */,
			);
			buildRules = (
			);
			dependencies = (
			);
			name = YourSchool;
			productName = YourSchool;
			productReference = 913E074B297FC43000782981 /* YourSchool.app */;
			productType = "com.apple.product-type.application";
		};
		913E075A297FC43100782981 /* YourSchoolTests */ = {
			isa = PBXNativeTarget;
			buildConfigurationList = 913E0772297FC43100782981 /* Build configuration list for PBXNativeTarget "YourSchoolTests" */;
			buildPhases = (
				1BC1222526BAD9DBD42E62EF /* [CP] Check Pods Manifest.lock */,
				913E0757297FC43100782981 /* Sources */,
				913E0758297FC43100782981 /* Frameworks */,
				913E0759297FC43100782981 /* Resources */,
			);
			buildRules = (
			);
			dependencies = (
				913E075D297FC43100782981 /* PBXTargetDependency */,
			);
			name = YourSchoolTests;
			productName = YourSchoolTests;
			productReference = 913E075B297FC43100782981 /* YourSchoolTests.xctest */;
			productType = "com.apple.product-type.bundle.unit-test";
		};
		913E0764297FC43100782981 /* YourSchoolUITests */ = {
			isa = PBXNativeTarget;
			buildConfigurationList = 913E0775297FC43100782981 /* Build configuration list for PBXNativeTarget "YourSchoolUITests" */;
			buildPhases = (
				10A9BA1B56C11E3DAD5A2CBE /* [CP] Check Pods Manifest.lock */,
				913E0761297FC43100782981 /* Sources */,
				913E0762297FC43100782981 /* Frameworks */,
				913E0763297FC43100782981 /* Resources */,
				4258334C3DCF6A92F78BFF07 /* [CP] Embed Pods Frameworks */,
			);
			buildRules = (
			);
			dependencies = (
				913E0767297FC43100782981 /* PBXTargetDependency */,
			);
			name = YourSchoolUITests;
			productName = YourSchoolUITests;
			productReference = 913E0765297FC43100782981 /* YourSchoolUITests.xctest */;
			productType = "com.apple.product-type.bundle.ui-testing";
		};
/* End PBXNativeTarget section */

/* Begin PBXProject section */
		913E0743297FC43000782981 /* Project object */ = {
			isa = PBXProject;
			attributes = {
				BuildIndependentTargetsInParallel = 1;
				LastSwiftUpdateCheck = 1420;
				LastUpgradeCheck = 1420;
				TargetAttributes = {
					913E074A297FC43000782981 = {
						CreatedOnToolsVersion = 14.2;
					};
					913E075A297FC43100782981 = {
						CreatedOnToolsVersion = 14.2;
						TestTargetID = 913E074A297FC43000782981;
					};
					913E0764297FC43100782981 = {
						CreatedOnToolsVersion = 14.2;
						TestTargetID = 913E074A297FC43000782981;
					};
				};
			};
			buildConfigurationList = 913E0746297FC43000782981 /* Build configuration list for PBXProject "YourSchool" */;
			compatibilityVersion = "Xcode 14.0";
			developmentRegion = en;
			hasScannedForEncodings = 0;
			knownRegions = (
				en,
				Base,
			);
			mainGroup = 913E0742297FC43000782981;
			productRefGroup = 913E074C297FC43000782981 /* Products */;
			projectDirPath = "";
			projectRoot = "";
			targets = (
				913E074A297FC43000782981 /* YourSchool */,
				913E075A297FC43100782981 /* YourSchoolTests */,
				913E0764297FC43100782981 /* YourSchoolUITests */,
			);
		};
/* End PBXProject section */

/* Begin PBXResourcesBuildPhase section */
		913E0749297FC43000782981 /* Resources */ = {
			isa = PBXResourcesBuildPhase;
			buildActionMask = 2147483647;
			files = (
				913E0756297FC43100782981 /* Preview Assets.xcassets in Resources */,
				91D1B5532985149E00C32064 /* CLLocationSimLoc.gpx in Resources */,
				918E328E2982B4FD00CAFCC6 /* schoolData.json in Resources */,
				913E0753297FC43100782981 /* Assets.xcassets in Resources */,
				91B34782298299E500AAC9DF /* Launch.storyboard in Resources */,
			);
			runOnlyForDeploymentPostprocessing = 0;
		};
		913E0759297FC43100782981 /* Resources */ = {
			isa = PBXResourcesBuildPhase;
			buildActionMask = 2147483647;
			files = (
			);
			runOnlyForDeploymentPostprocessing = 0;
		};
		913E0763297FC43100782981 /* Resources */ = {
			isa = PBXResourcesBuildPhase;
			buildActionMask = 2147483647;
			files = (
			);
			runOnlyForDeploymentPostprocessing = 0;
		};
/* End PBXResourcesBuildPhase section */

/* Begin PBXShellScriptBuildPhase section */
		10A9BA1B56C11E3DAD5A2CBE /* [CP] Check Pods Manifest.lock */ = {
			isa = PBXShellScriptBuildPhase;
			buildActionMask = 2147483647;
			files = (
			);
			inputFileListPaths = (
			);
			inputPaths = (
				"${PODS_PODFILE_DIR_PATH}/Podfile.lock",
				"${PODS_ROOT}/Manifest.lock",
			);
			name = "[CP] Check Pods Manifest.lock";
			outputFileListPaths = (
			);
			outputPaths = (
				"$(DERIVED_FILE_DIR)/Pods-YourSchool-YourSchoolUITests-checkManifestLockResult.txt",
			);
			runOnlyForDeploymentPostprocessing = 0;
			shellPath = /bin/sh;
			shellScript = "diff \"${PODS_PODFILE_DIR_PATH}/Podfile.lock\" \"${PODS_ROOT}/Manifest.lock\" > /dev/null\nif [ $? != 0 ] ; then\n    # print error to STDERR\n    echo \"error: The sandbox is not in sync with the Podfile.lock. Run 'pod install' or update your CocoaPods installation.\" >&2\n    exit 1\nfi\n# This output is used by Xcode 'outputs' to avoid re-running this script phase.\necho \"SUCCESS\" > \"${SCRIPT_OUTPUT_FILE_0}\"\n";
			showEnvVarsInLog = 0;
		};
		1BC1222526BAD9DBD42E62EF /* [CP] Check Pods Manifest.lock */ = {
			isa = PBXShellScriptBuildPhase;
			buildActionMask = 2147483647;
			files = (
			);
			inputFileListPaths = (
			);
			inputPaths = (
				"${PODS_PODFILE_DIR_PATH}/Podfile.lock",
				"${PODS_ROOT}/Manifest.lock",
			);
			name = "[CP] Check Pods Manifest.lock";
			outputFileListPaths = (
			);
			outputPaths = (
				"$(DERIVED_FILE_DIR)/Pods-YourSchoolTests-checkManifestLockResult.txt",
			);
			runOnlyForDeploymentPostprocessing = 0;
			shellPath = /bin/sh;
			shellScript = "diff \"${PODS_PODFILE_DIR_PATH}/Podfile.lock\" \"${PODS_ROOT}/Manifest.lock\" > /dev/null\nif [ $? != 0 ] ; then\n    # print error to STDERR\n    echo \"error: The sandbox is not in sync with the Podfile.lock. Run 'pod install' or update your CocoaPods installation.\" >&2\n    exit 1\nfi\n# This output is used by Xcode 'outputs' to avoid re-running this script phase.\necho \"SUCCESS\" > \"${SCRIPT_OUTPUT_FILE_0}\"\n";
			showEnvVarsInLog = 0;
		};
		4258334C3DCF6A92F78BFF07 /* [CP] Embed Pods Frameworks */ = {
			isa = PBXShellScriptBuildPhase;
			buildActionMask = 2147483647;
			files = (
			);
			inputFileListPaths = (
				"${PODS_ROOT}/Target Support Files/Pods-YourSchool-YourSchoolUITests/Pods-YourSchool-YourSchoolUITests-frameworks-${CONFIGURATION}-input-files.xcfilelist",
			);
			name = "[CP] Embed Pods Frameworks";
			outputFileListPaths = (
				"${PODS_ROOT}/Target Support Files/Pods-YourSchool-YourSchoolUITests/Pods-YourSchool-YourSchoolUITests-frameworks-${CONFIGURATION}-output-files.xcfilelist",
			);
			runOnlyForDeploymentPostprocessing = 0;
			shellPath = /bin/sh;
			shellScript = "\"${PODS_ROOT}/Target Support Files/Pods-YourSchool-YourSchoolUITests/Pods-YourSchool-YourSchoolUITests-frameworks.sh\"\n";
			showEnvVarsInLog = 0;
		};
		9EAF33DEC518C3F3676DF23E /* [CP] Embed Pods Frameworks */ = {
			isa = PBXShellScriptBuildPhase;
			buildActionMask = 2147483647;
			files = (
			);
			inputFileListPaths = (
				"${PODS_ROOT}/Target Support Files/Pods-YourSchool/Pods-YourSchool-frameworks-${CONFIGURATION}-input-files.xcfilelist",
			);
			name = "[CP] Embed Pods Frameworks";
			outputFileListPaths = (
				"${PODS_ROOT}/Target Support Files/Pods-YourSchool/Pods-YourSchool-frameworks-${CONFIGURATION}-output-files.xcfilelist",
			);
			runOnlyForDeploymentPostprocessing = 0;
			shellPath = /bin/sh;
			shellScript = "\"${PODS_ROOT}/Target Support Files/Pods-YourSchool/Pods-YourSchool-frameworks.sh\"\n";
			showEnvVarsInLog = 0;
		};
		C76E1A85A18AFB7C25B16A35 /* [CP] Check Pods Manifest.lock */ = {
			isa = PBXShellScriptBuildPhase;
			buildActionMask = 2147483647;
			files = (
			);
			inputFileListPaths = (
			);
			inputPaths = (
				"${PODS_PODFILE_DIR_PATH}/Podfile.lock",
				"${PODS_ROOT}/Manifest.lock",
			);
			name = "[CP] Check Pods Manifest.lock";
			outputFileListPaths = (
			);
			outputPaths = (
				"$(DERIVED_FILE_DIR)/Pods-YourSchool-checkManifestLockResult.txt",
			);
			runOnlyForDeploymentPostprocessing = 0;
			shellPath = /bin/sh;
			shellScript = "diff \"${PODS_PODFILE_DIR_PATH}/Podfile.lock\" \"${PODS_ROOT}/Manifest.lock\" > /dev/null\nif [ $? != 0 ] ; then\n    # print error to STDERR\n    echo \"error: The sandbox is not in sync with the Podfile.lock. Run 'pod install' or update your CocoaPods installation.\" >&2\n    exit 1\nfi\n# This output is used by Xcode 'outputs' to avoid re-running this script phase.\necho \"SUCCESS\" > \"${SCRIPT_OUTPUT_FILE_0}\"\n";
			showEnvVarsInLog = 0;
		};
/* End PBXShellScriptBuildPhase section */

/* Begin PBXSourcesBuildPhase section */
		913E0747297FC43000782981 /* Sources */ = {
			isa = PBXSourcesBuildPhase;
			buildActionMask = 2147483647;
			files = (
				91D1B54D2984F08B00C32064 /* DLS.swift in Sources */,
				91B347802982364600AAC9DF /* meal.swift in Sources */,
				913E0751297FC43000782981 /* ContentView.swift in Sources */,
				91D1B54F2985045700C32064 /* LocationManager.swift in Sources */,
				9154DB61298223C3009A4C7E /* date.swift in Sources */,
				919A2D062981117F002314FC /* mealFetcher.swift in Sources */,
				910E19862982C12F004EBD04 /* appleMapView.swift in Sources */,
				91B3478429829C8700AAC9DF /* Map.swift in Sources */,
				918E328C2982ADCE00CAFCC6 /* goingToSchoolView.swift in Sources */,
				913E074F297FC43000782981 /* YourSchoolApp.swift in Sources */,
				91FA0AEC2990AB480045AE3E /* onboarding.swift in Sources */,
				910E19B12983F4E2004EBD04 /* tests.swift in Sources */,
			);
			runOnlyForDeploymentPostprocessing = 0;
		};
		913E0757297FC43100782981 /* Sources */ = {
			isa = PBXSourcesBuildPhase;
			buildActionMask = 2147483647;
			files = (
				913E0760297FC43100782981 /* YourSchoolTests.swift in Sources */,
			);
			runOnlyForDeploymentPostprocessing = 0;
		};
		913E0761297FC43100782981 /* Sources */ = {
			isa = PBXSourcesBuildPhase;
			buildActionMask = 2147483647;
			files = (
				913E076A297FC43100782981 /* YourSchoolUITests.swift in Sources */,
				913E076C297FC43100782981 /* YourSchoolUITestsLaunchTests.swift in Sources */,
			);
			runOnlyForDeploymentPostprocessing = 0;
		};
/* End PBXSourcesBuildPhase section */

/* Begin PBXTargetDependency section */
		913E075D297FC43100782981 /* PBXTargetDependency */ = {
			isa = PBXTargetDependency;
			target = 913E074A297FC43000782981 /* YourSchool */;
			targetProxy = 913E075C297FC43100782981 /* PBXContainerItemProxy */;
		};
		913E0767297FC43100782981 /* PBXTargetDependency */ = {
			isa = PBXTargetDependency;
			target = 913E074A297FC43000782981 /* YourSchool */;
			targetProxy = 913E0766297FC43100782981 /* PBXContainerItemProxy */;
		};
/* End PBXTargetDependency section */

/* Begin XCBuildConfiguration section */
		913E076D297FC43100782981 /* Debug */ = {
			isa = XCBuildConfiguration;
			buildSettings = {
				ALWAYS_SEARCH_USER_PATHS = NO;
				CLANG_ANALYZER_NONNULL = YES;
				CLANG_ANALYZER_NUMBER_OBJECT_CONVERSION = YES_AGGRESSIVE;
				CLANG_CXX_LANGUAGE_STANDARD = "gnu++20";
				CLANG_ENABLE_MODULES = YES;
				CLANG_ENABLE_OBJC_ARC = YES;
				CLANG_ENABLE_OBJC_WEAK = YES;
				CLANG_WARN_BLOCK_CAPTURE_AUTORELEASING = YES;
				CLANG_WARN_BOOL_CONVERSION = YES;
				CLANG_WARN_COMMA = YES;
				CLANG_WARN_CONSTANT_CONVERSION = YES;
				CLANG_WARN_DEPRECATED_OBJC_IMPLEMENTATIONS = YES;
				CLANG_WARN_DIRECT_OBJC_ISA_USAGE = YES_ERROR;
				CLANG_WARN_DOCUMENTATION_COMMENTS = YES;
				CLANG_WARN_EMPTY_BODY = YES;
				CLANG_WARN_ENUM_CONVERSION = YES;
				CLANG_WARN_INFINITE_RECURSION = YES;
				CLANG_WARN_INT_CONVERSION = YES;
				CLANG_WARN_NON_LITERAL_NULL_CONVERSION = YES;
				CLANG_WARN_OBJC_IMPLICIT_RETAIN_SELF = YES;
				CLANG_WARN_OBJC_LITERAL_CONVERSION = YES;
				CLANG_WARN_OBJC_ROOT_CLASS = YES_ERROR;
				CLANG_WARN_QUOTED_INCLUDE_IN_FRAMEWORK_HEADER = YES;
				CLANG_WARN_RANGE_LOOP_ANALYSIS = YES;
				CLANG_WARN_STRICT_PROTOTYPES = YES;
				CLANG_WARN_SUSPICIOUS_MOVE = YES;
				CLANG_WARN_UNGUARDED_AVAILABILITY = YES_AGGRESSIVE;
				CLANG_WARN_UNREACHABLE_CODE = YES;
				CLANG_WARN__DUPLICATE_METHOD_MATCH = YES;
				COPY_PHASE_STRIP = NO;
				DEBUG_INFORMATION_FORMAT = dwarf;
				ENABLE_STRICT_OBJC_MSGSEND = YES;
				ENABLE_TESTABILITY = YES;
				GCC_C_LANGUAGE_STANDARD = gnu11;
				GCC_DYNAMIC_NO_PIC = NO;
				GCC_NO_COMMON_BLOCKS = YES;
				GCC_OPTIMIZATION_LEVEL = 0;
				GCC_PREPROCESSOR_DEFINITIONS = (
					"DEBUG=1",
					"$(inherited)",
				);
				GCC_WARN_64_TO_32_BIT_CONVERSION = YES;
				GCC_WARN_ABOUT_RETURN_TYPE = YES_ERROR;
				GCC_WARN_UNDECLARED_SELECTOR = YES;
				GCC_WARN_UNINITIALIZED_AUTOS = YES_AGGRESSIVE;
				GCC_WARN_UNUSED_FUNCTION = YES;
				GCC_WARN_UNUSED_VARIABLE = YES;
				IPHONEOS_DEPLOYMENT_TARGET = 16.2;
				MTL_ENABLE_DEBUG_INFO = INCLUDE_SOURCE;
				MTL_FAST_MATH = YES;
				ONLY_ACTIVE_ARCH = YES;
				SDKROOT = iphoneos;
				SWIFT_ACTIVE_COMPILATION_CONDITIONS = DEBUG;
				SWIFT_OPTIMIZATION_LEVEL = "-Onone";
			};
			name = Debug;
		};
		913E076E297FC43100782981 /* Release */ = {
			isa = XCBuildConfiguration;
			buildSettings = {
				ALWAYS_SEARCH_USER_PATHS = NO;
				CLANG_ANALYZER_NONNULL = YES;
				CLANG_ANALYZER_NUMBER_OBJECT_CONVERSION = YES_AGGRESSIVE;
				CLANG_CXX_LANGUAGE_STANDARD = "gnu++20";
				CLANG_ENABLE_MODULES = YES;
				CLANG_ENABLE_OBJC_ARC = YES;
				CLANG_ENABLE_OBJC_WEAK = YES;
				CLANG_WARN_BLOCK_CAPTURE_AUTORELEASING = YES;
				CLANG_WARN_BOOL_CONVERSION = YES;
				CLANG_WARN_COMMA = YES;
				CLANG_WARN_CONSTANT_CONVERSION = YES;
				CLANG_WARN_DEPRECATED_OBJC_IMPLEMENTATIONS = YES;
				CLANG_WARN_DIRECT_OBJC_ISA_USAGE = YES_ERROR;
				CLANG_WARN_DOCUMENTATION_COMMENTS = YES;
				CLANG_WARN_EMPTY_BODY = YES;
				CLANG_WARN_ENUM_CONVERSION = YES;
				CLANG_WARN_INFINITE_RECURSION = YES;
				CLANG_WARN_INT_CONVERSION = YES;
				CLANG_WARN_NON_LITERAL_NULL_CONVERSION = YES;
				CLANG_WARN_OBJC_IMPLICIT_RETAIN_SELF = YES;
				CLANG_WARN_OBJC_LITERAL_CONVERSION = YES;
				CLANG_WARN_OBJC_ROOT_CLASS = YES_ERROR;
				CLANG_WARN_QUOTED_INCLUDE_IN_FRAMEWORK_HEADER = YES;
				CLANG_WARN_RANGE_LOOP_ANALYSIS = YES;
				CLANG_WARN_STRICT_PROTOTYPES = YES;
				CLANG_WARN_SUSPICIOUS_MOVE = YES;
				CLANG_WARN_UNGUARDED_AVAILABILITY = YES_AGGRESSIVE;
				CLANG_WARN_UNREACHABLE_CODE = YES;
				CLANG_WARN__DUPLICATE_METHOD_MATCH = YES;
				COPY_PHASE_STRIP = NO;
				DEBUG_INFORMATION_FORMAT = "dwarf-with-dsym";
				ENABLE_NS_ASSERTIONS = NO;
				ENABLE_STRICT_OBJC_MSGSEND = YES;
				GCC_C_LANGUAGE_STANDARD = gnu11;
				GCC_NO_COMMON_BLOCKS = YES;
				GCC_WARN_64_TO_32_BIT_CONVERSION = YES;
				GCC_WARN_ABOUT_RETURN_TYPE = YES_ERROR;
				GCC_WARN_UNDECLARED_SELECTOR = YES;
				GCC_WARN_UNINITIALIZED_AUTOS = YES_AGGRESSIVE;
				GCC_WARN_UNUSED_FUNCTION = YES;
				GCC_WARN_UNUSED_VARIABLE = YES;
				IPHONEOS_DEPLOYMENT_TARGET = 16.2;
				MTL_ENABLE_DEBUG_INFO = NO;
				MTL_FAST_MATH = YES;
				SDKROOT = iphoneos;
				SWIFT_COMPILATION_MODE = wholemodule;
				SWIFT_OPTIMIZATION_LEVEL = "-O";
				VALIDATE_PRODUCT = YES;
			};
			name = Release;
		};
		913E0770297FC43100782981 /* Debug */ = {
			isa = XCBuildConfiguration;
			baseConfigurationReference = 2C2BF80BF30A7B01ACC0D71E /* Pods-YourSchool.debug.xcconfig */;
			buildSettings = {
				ASSETCATALOG_COMPILER_APPICON_NAME = AppIcon;
				ASSETCATALOG_COMPILER_GLOBAL_ACCENT_COLOR_NAME = AccentColor;
				ASSETCATALOG_COMPILER_INCLUDE_ALL_APPICON_ASSETS = YES;
				CODE_SIGN_STYLE = Automatic;
				CURRENT_PROJECT_VERSION = 1;
				DEVELOPMENT_ASSET_PATHS = "\"YourSchool/Preview Content\"";
				DEVELOPMENT_TEAM = WF4J3YQN3K;
				ENABLE_PREVIEWS = YES;
				GENERATE_INFOPLIST_FILE = YES;
				INFOPLIST_FILE = YourSchool/Info.plist;
				INFOPLIST_KEY_CFBundleDisplayName = "Your School";
				INFOPLIST_KEY_LSApplicationCategoryType = "public.app-category.education";
				INFOPLIST_KEY_NSLocationWhenInUseUsageDescription = "위치정보 이용에 동의해주세요.";
				INFOPLIST_KEY_UIApplicationSceneManifest_Generation = YES;
				INFOPLIST_KEY_UIApplicationSupportsIndirectInputEvents = YES;
				INFOPLIST_KEY_UILaunchScreen_Generation = YES;
				INFOPLIST_KEY_UILaunchStoryboardName = Launch.storyboard;
				INFOPLIST_KEY_UISupportedInterfaceOrientations = "UIInterfaceOrientationPortrait UIInterfaceOrientationPortraitUpsideDown";
				INFOPLIST_KEY_UISupportedInterfaceOrientations_iPad = "UIInterfaceOrientationLandscapeLeft UIInterfaceOrientationLandscapeRight UIInterfaceOrientationPortrait UIInterfaceOrientationPortraitUpsideDown";
				IPHONEOS_DEPLOYMENT_TARGET = 15.0;
				LD_RUNPATH_SEARCH_PATHS = (
					"$(inherited)",
					"@executable_path/Frameworks",
				);
				MARKETING_VERSION = 2.1;
				PRODUCT_BUNDLE_IDENTIFIER = com.junehyeop.YourSchool;
				PRODUCT_NAME = "$(TARGET_NAME)";
				SWIFT_EMIT_LOC_STRINGS = YES;
				SWIFT_VERSION = 5.0;
				TARGETED_DEVICE_FAMILY = "1,2";
			};
			name = Debug;
		};
		913E0771297FC43100782981 /* Release */ = {
			isa = XCBuildConfiguration;
			baseConfigurationReference = AD7C730BAB4EBB21F29FC1AC /* Pods-YourSchool.release.xcconfig */;
			buildSettings = {
				ASSETCATALOG_COMPILER_APPICON_NAME = AppIcon;
				ASSETCATALOG_COMPILER_GLOBAL_ACCENT_COLOR_NAME = AccentColor;
				ASSETCATALOG_COMPILER_INCLUDE_ALL_APPICON_ASSETS = YES;
				CODE_SIGN_STYLE = Automatic;
				CURRENT_PROJECT_VERSION = 1;
				DEVELOPMENT_ASSET_PATHS = "\"YourSchool/Preview Content\"";
				DEVELOPMENT_TEAM = WF4J3YQN3K;
				ENABLE_PREVIEWS = YES;
				GENERATE_INFOPLIST_FILE = YES;
				INFOPLIST_FILE = YourSchool/Info.plist;
				INFOPLIST_KEY_CFBundleDisplayName = "Your School";
				INFOPLIST_KEY_LSApplicationCategoryType = "public.app-category.education";
				INFOPLIST_KEY_NSLocationWhenInUseUsageDescription = "위치정보 이용에 동의해주세요.";
				INFOPLIST_KEY_UIApplicationSceneManifest_Generation = YES;
				INFOPLIST_KEY_UIApplicationSupportsIndirectInputEvents = YES;
				INFOPLIST_KEY_UILaunchScreen_Generation = YES;
				INFOPLIST_KEY_UILaunchStoryboardName = Launch.storyboard;
				INFOPLIST_KEY_UISupportedInterfaceOrientations = "UIInterfaceOrientationPortrait UIInterfaceOrientationPortraitUpsideDown";
				INFOPLIST_KEY_UISupportedInterfaceOrientations_iPad = "UIInterfaceOrientationLandscapeLeft UIInterfaceOrientationLandscapeRight UIInterfaceOrientationPortrait UIInterfaceOrientationPortraitUpsideDown";
				IPHONEOS_DEPLOYMENT_TARGET = 15.0;
				LD_RUNPATH_SEARCH_PATHS = (
					"$(inherited)",
					"@executable_path/Frameworks",
				);
				MARKETING_VERSION = 2.1;
				PRODUCT_BUNDLE_IDENTIFIER = com.junehyeop.YourSchool;
				PRODUCT_NAME = "$(TARGET_NAME)";
				SWIFT_EMIT_LOC_STRINGS = YES;
				SWIFT_VERSION = 5.0;
				TARGETED_DEVICE_FAMILY = "1,2";
			};
			name = Release;
		};
		913E0773297FC43100782981 /* Debug */ = {
			isa = XCBuildConfiguration;
			baseConfigurationReference = 8B1C3FAB9AC5F79ED8462088 /* Pods-YourSchoolTests.debug.xcconfig */;
			buildSettings = {
				ALWAYS_EMBED_SWIFT_STANDARD_LIBRARIES = YES;
				BUNDLE_LOADER = "$(TEST_HOST)";
				CODE_SIGN_STYLE = Automatic;
				CURRENT_PROJECT_VERSION = 1;
				DEVELOPMENT_TEAM = WF4J3YQN3K;
				GENERATE_INFOPLIST_FILE = YES;
				IPHONEOS_DEPLOYMENT_TARGET = 16.2;
				MARKETING_VERSION = 1.0;
				PRODUCT_BUNDLE_IDENTIFIER = com.jonathan.YourSchoolTests;
				PRODUCT_NAME = "$(TARGET_NAME)";
				SWIFT_EMIT_LOC_STRINGS = NO;
				SWIFT_VERSION = 5.0;
				TARGETED_DEVICE_FAMILY = "1,2";
				TEST_HOST = "$(BUILT_PRODUCTS_DIR)/YourSchool.app/$(BUNDLE_EXECUTABLE_FOLDER_PATH)/YourSchool";
			};
			name = Debug;
		};
		913E0774297FC43100782981 /* Release */ = {
			isa = XCBuildConfiguration;
			baseConfigurationReference = 10E61BDE1F68D145603B331C /* Pods-YourSchoolTests.release.xcconfig */;
			buildSettings = {
				ALWAYS_EMBED_SWIFT_STANDARD_LIBRARIES = YES;
				BUNDLE_LOADER = "$(TEST_HOST)";
				CODE_SIGN_STYLE = Automatic;
				CURRENT_PROJECT_VERSION = 1;
				DEVELOPMENT_TEAM = WF4J3YQN3K;
				GENERATE_INFOPLIST_FILE = YES;
				IPHONEOS_DEPLOYMENT_TARGET = 16.2;
				MARKETING_VERSION = 1.0;
				PRODUCT_BUNDLE_IDENTIFIER = com.jonathan.YourSchoolTests;
				PRODUCT_NAME = "$(TARGET_NAME)";
				SWIFT_EMIT_LOC_STRINGS = NO;
				SWIFT_VERSION = 5.0;
				TARGETED_DEVICE_FAMILY = "1,2";
				TEST_HOST = "$(BUILT_PRODUCTS_DIR)/YourSchool.app/$(BUNDLE_EXECUTABLE_FOLDER_PATH)/YourSchool";
			};
			name = Release;
		};
		913E0776297FC43100782981 /* Debug */ = {
			isa = XCBuildConfiguration;
			baseConfigurationReference = 5EBE26F0C30EF97F825C8501 /* Pods-YourSchool-YourSchoolUITests.debug.xcconfig */;
			buildSettings = {
				ALWAYS_EMBED_SWIFT_STANDARD_LIBRARIES = YES;
				CODE_SIGN_STYLE = Automatic;
				CURRENT_PROJECT_VERSION = 1;
				DEVELOPMENT_TEAM = WF4J3YQN3K;
				GENERATE_INFOPLIST_FILE = YES;
				MARKETING_VERSION = 1.0;
				PRODUCT_BUNDLE_IDENTIFIER = com.jonathan.YourSchoolUITests;
				PRODUCT_NAME = "$(TARGET_NAME)";
				SWIFT_EMIT_LOC_STRINGS = NO;
				SWIFT_VERSION = 5.0;
				TARGETED_DEVICE_FAMILY = "1,2";
				TEST_TARGET_NAME = YourSchool;
			};
			name = Debug;
		};
		913E0777297FC43100782981 /* Release */ = {
			isa = XCBuildConfiguration;
			baseConfigurationReference = E015F905BA478569ECE33FBF /* Pods-YourSchool-YourSchoolUITests.release.xcconfig */;
			buildSettings = {
				ALWAYS_EMBED_SWIFT_STANDARD_LIBRARIES = YES;
				CODE_SIGN_STYLE = Automatic;
				CURRENT_PROJECT_VERSION = 1;
				DEVELOPMENT_TEAM = WF4J3YQN3K;
				GENERATE_INFOPLIST_FILE = YES;
				MARKETING_VERSION = 1.0;
				PRODUCT_BUNDLE_IDENTIFIER = com.jonathan.YourSchoolUITests;
				PRODUCT_NAME = "$(TARGET_NAME)";
				SWIFT_EMIT_LOC_STRINGS = NO;
				SWIFT_VERSION = 5.0;
				TARGETED_DEVICE_FAMILY = "1,2";
				TEST_TARGET_NAME = YourSchool;
			};
			name = Release;
		};
/* End XCBuildConfiguration section */

/* Begin XCConfigurationList section */
		913E0746297FC43000782981 /* Build configuration list for PBXProject "YourSchool" */ = {
			isa = XCConfigurationList;
			buildConfigurations = (
				913E076D297FC43100782981 /* Debug */,
				913E076E297FC43100782981 /* Release */,
			);
			defaultConfigurationIsVisible = 0;
			defaultConfigurationName = Release;
		};
		913E076F297FC43100782981 /* Build configuration list for PBXNativeTarget "YourSchool" */ = {
			isa = XCConfigurationList;
			buildConfigurations = (
				913E0770297FC43100782981 /* Debug */,
				913E0771297FC43100782981 /* Release */,
			);
			defaultConfigurationIsVisible = 0;
			defaultConfigurationName = Release;
		};
		913E0772297FC43100782981 /* Build configuration list for PBXNativeTarget "YourSchoolTests" */ = {
			isa = XCConfigurationList;
			buildConfigurations = (
				913E0773297FC43100782981 /* Debug */,
				913E0774297FC43100782981 /* Release */,
			);
			defaultConfigurationIsVisible = 0;
			defaultConfigurationName = Release;
		};
		913E0775297FC43100782981 /* Build configuration list for PBXNativeTarget "YourSchoolUITests" */ = {
			isa = XCConfigurationList;
			buildConfigurations = (
				913E0776297FC43100782981 /* Debug */,
				913E0777297FC43100782981 /* Release */,
			);
			defaultConfigurationIsVisible = 0;
			defaultConfigurationName = Release;
		};
/* End XCConfigurationList section */
	};
	rootObject = 913E0743297FC43000782981 /* Project object */;
}
